<?xml version="1.0" encoding="utf-8"?>
<Project ToolsVersion="4.0" xmlns="http://schemas.microsoft.com/developer/msbuild/2003">
  <ItemGroup>
    <ClCompile Include="src\client\client.cpp" />
    <ClCompile Include="src\common\common_lib.cpp" />
  </ItemGroup>
  <ItemGroup>
    <ClInclude Include="src\common\common_lib.h" />
  </ItemGroup>
  <ItemGroup>
    <Filter Include="common">
      <UniqueIdentifier>{7a1c409b-a5f2-4ea7-99a9-92167874350b}</UniqueIdentifier>
    </Filter>
    <Filter Include="common\net">
      <UniqueIdentifier>{d88a1429-f5f1-4fcb-8d7c-494ce6359a7f}</UniqueIdentifier>
    </Filter>
    <Filter Include="common\net\message">
      <UniqueIdentifier>{7f40841d-8edf-44f5-aae2-82a6b92d900f}</UniqueIdentifier>
    </Filter>
  </ItemGroup>
  <ItemGroup>
    <Image Include="res\client.ico" />
  </ItemGroup>
  <ItemGroup>
    <ResourceCompile Include="src\client\Client.rc" />
  </ItemGroup>
</Project>