<?xml version="1.0" encoding="utf-8"?>
<Project ToolsVersion="4.0" xmlns="http://schemas.microsoft.com/developer/msbuild/2003">
  <ItemGroup>
    <ClCompile Include="include\tinyfiledialogs.c" />
    <ClCompile Include="src\client\client.cpp" />
    <ClCompile Include="src\common\md.c" />
  </ItemGroup>
  <ItemGroup>
    <Image Include="res\client.ico" />
  </ItemGroup>
  <ItemGroup>
    <ResourceCompile Include="src\client\Client.rc" />
  </ItemGroup>
</Project>