<?xml version="1.0" encoding="utf-8"?>
<Project ToolsVersion="4.0" xmlns="http://schemas.microsoft.com/developer/msbuild/2003">
  <ItemGroup>
    <ClCompile Include="src\server\server.cpp" />
    <ClCompile Include="src\common\shared_lib.cpp" />
    <ClCompile Include="src\server\server_world.cpp" />
    <ClCompile Include="include\tracy\TracyClient.cpp" />
    <ClCompile Include="src\common\histogram.cpp" />
    <ClCompile Include="src\server\game_server.cpp" />
    <ClCompile Include="src\common\common.cpp" />
    <ClCompile Include="src\common\ui\ui.cpp" />
    <ClCompile Include="include\tinyfiledialogs.c" />
  </ItemGroup>
  <ItemGroup>
    <ResourceCompile Include="src\server\Server.rc" />
  </ItemGroup>
  <ItemGroup>
    <Image Include="res\server.ico" />
  </ItemGroup>
  <ItemGroup>
    <ClInclude Include="src\server\server_world.h" />
    <ClInclude Include="src\common\ui\ui.h" />
  </ItemGroup>
</Project>